version = 1
revision = 3
requires-python = ">=3.13"

[[package]]
name = "networkdata"
version = "0.1.0"
source = { virtual = "." }
dependencies = [
    { name = "speedtest" },
]

[package.metadata]
requires-dist = [{ name = "speedtest", specifier = ">=0.0.1" }]

[[package]]
name = "speedtest"
version = "0.0.1"
source = { registry = "https://pypi.org/simple" }
wheels = [
    { url = "https://files.pythonhosted.org/packages/3f/d1/ae9f842e818affbec93cc393c0a1beea8c979f921c2c345654e9c7097d24/speedtest-0.0.1-py3-none-any.whl", hash = "sha256:3028e8003931124fef27036295b21290387f488941cce27c53f0c9c5f58d2eed", size = 1270, upload-time = "2020-10-30T17:15:41.339Z" },
]
